lockfileVersion: '9.0'

settings:
  autoInstallPeers: true
  excludeLinksFromLockfile: false

importers:

  .:
    dependencies:
      ts-pattern:
        specifier: ^5.7.0
        version: 5.7.0

packages:

  ts-pattern@5.7.0:
    resolution: {integrity: sha512-0/FvIG4g3kNkYgbNwBBW5pZBkfpeYQnH+2AA3xmjkCAit/DSDPKmgwC3fKof4oYUq6gupClVOJlFl+939VRBMg==}

snapshots:

  ts-pattern@5.7.0: {}
